
Microsoft Visual Studio Solution File, Format Version 12.00
# Visual Studio Version 17
VisualStudioVersion = 17.13.35806.99 d17.13
MinimumVisualStudioVersion = 10.0.40219.1
Project("{FAE04EC0-301F-11D3-BF4B-00C04F79EFBC}") = "JSON_GuidedLab", "JSON_GuidedLab\JSON_GuidedLab.csproj", "{9300BE07-1E2A-49AC-95FB-7AA51A5A5299}"
EndProject
Global
	GlobalSection(SolutionConfigurationPlatforms) = preSolution
		Debug|Any CPU = Debug|Any CPU
		Release|Any CPU = Release|Any CPU
	EndGlobalSection
	GlobalSection(ProjectConfigurationPlatforms) = postSolution
		{9300BE07-1E2A-49AC-95FB-7AA51A5A5299}.Debug|Any CPU.ActiveCfg = Debug|Any CPU
		{9300BE07-1E2A-49AC-95FB-7AA51A5A5299}.Debug|Any CPU.Build.0 = Debug|Any CPU
		{9300BE07-1E2A-49AC-95FB-7AA51A5A5299}.Release|Any CPU.ActiveCfg = Release|Any CPU
		{9300BE07-1E2A-49AC-95FB-7AA51A5A5299}.Release|Any CPU.Build.0 = Release|Any CPU
	EndGlobalSection
	GlobalSection(SolutionProperties) = preSolution
		HideSolutionNode = FALSE
	EndGlobalSection
	GlobalSection(ExtensibilityGlobals) = postSolution
		SolutionGuid = {32DC2291-1E9F-4D83-9794-5E04B26C50A6}
	EndGlobalSection
EndGlobal
